
Microsoft Visual Studio Solution File, Format Version 12.00
# Visual Studio Version 17
VisualStudioVersion = 17.7.34221.43
MinimumVisualStudioVersion = 10.0.40219.1
Project("{2150E333-8FDC-42A3-9474-1A3956D46DE8}") = "Solution Items", "Solution Items", "{5961D8A5-E812-4224-8011-1847DCF845C7}"
	ProjectSection(SolutionItems) = preProject
		.gitignore = .gitignore
		LICENSE.md = LICENSE.md
		README.md = README.md
	EndProjectSection
EndProject
Project("{9A19103F-16F7-4668-BE54-9A1E7A4F7556}") = "Hangfire.Console.Extensions.IdentityStream", "Hangfire.Console.Extensions\Hangfire.Console.Extensions.IdentityStream.csproj", "{51179E4A-78F4-4A14-B2D0-AB9C307DCC77}"
EndProject
Project("{9A19103F-16F7-4668-BE54-9A1E7A4F7556}") = "Hangfire.Console.Extensions.Serilog.IdentityStream", "Hangfire.Console.Extensions.Serilog\Hangfire.Console.Extensions.Serilog.IdentityStream.csproj", "{054CF55E-CBEA-44AA-8319-40B3AB48CCD8}"
EndProject
Project("{9A19103F-16F7-4668-BE54-9A1E7A4F7556}") = "Sample.IdentityStream", "Sample\Sample.IdentityStream.csproj", "{F38BFB8B-88CB-482C-81AC-A8DC1C379CBD}"
EndProject
Project("{9A19103F-16F7-4668-BE54-9A1E7A4F7556}") = "SampleWithSerilog.IdentityStream", "SampleWithSerilog\SampleWithSerilog.IdentityStream.csproj", "{1087484C-4075-41AC-B0F6-D9D7D9E90FAC}"
EndProject
Global
	GlobalSection(SolutionConfigurationPlatforms) = preSolution
		Debug|Any CPU = Debug|Any CPU
		Release|Any CPU = Release|Any CPU
	EndGlobalSection
	GlobalSection(ProjectConfigurationPlatforms) = postSolution
		{51179E4A-78F4-4A14-B2D0-AB9C307DCC77}.Debug|Any CPU.ActiveCfg = Debug|Any CPU
		{51179E4A-78F4-4A14-B2D0-AB9C307DCC77}.Debug|Any CPU.Build.0 = Debug|Any CPU
		{51179E4A-78F4-4A14-B2D0-AB9C307DCC77}.Release|Any CPU.ActiveCfg = Release|Any CPU
		{51179E4A-78F4-4A14-B2D0-AB9C307DCC77}.Release|Any CPU.Build.0 = Release|Any CPU
		{054CF55E-CBEA-44AA-8319-40B3AB48CCD8}.Debug|Any CPU.ActiveCfg = Debug|Any CPU
		{054CF55E-CBEA-44AA-8319-40B3AB48CCD8}.Debug|Any CPU.Build.0 = Debug|Any CPU
		{054CF55E-CBEA-44AA-8319-40B3AB48CCD8}.Release|Any CPU.ActiveCfg = Release|Any CPU
		{054CF55E-CBEA-44AA-8319-40B3AB48CCD8}.Release|Any CPU.Build.0 = Release|Any CPU
		{F38BFB8B-88CB-482C-81AC-A8DC1C379CBD}.Debug|Any CPU.ActiveCfg = Debug|Any CPU
		{F38BFB8B-88CB-482C-81AC-A8DC1C379CBD}.Debug|Any CPU.Build.0 = Debug|Any CPU
		{F38BFB8B-88CB-482C-81AC-A8DC1C379CBD}.Release|Any CPU.ActiveCfg = Release|Any CPU
		{F38BFB8B-88CB-482C-81AC-A8DC1C379CBD}.Release|Any CPU.Build.0 = Release|Any CPU
		{1087484C-4075-41AC-B0F6-D9D7D9E90FAC}.Debug|Any CPU.ActiveCfg = Debug|Any CPU
		{1087484C-4075-41AC-B0F6-D9D7D9E90FAC}.Debug|Any CPU.Build.0 = Debug|Any CPU
		{1087484C-4075-41AC-B0F6-D9D7D9E90FAC}.Release|Any CPU.ActiveCfg = Release|Any CPU
		{1087484C-4075-41AC-B0F6-D9D7D9E90FAC}.Release|Any CPU.Build.0 = Release|Any CPU
	EndGlobalSection
	GlobalSection(SolutionProperties) = preSolution
		HideSolutionNode = FALSE
	EndGlobalSection
	GlobalSection(ExtensibilityGlobals) = postSolution
		SolutionGuid = {D429357E-6D01-4180-A32B-391F9DF1FD12}
	EndGlobalSection
EndGlobal
